{
  "version": 4,
  "terraform_version": "1.14.8",
  "serial": 5,
  "lineage": "b6452779-52ed-d861-c6aa-5f2e725396bb",
  "outputs": {},
  "resources": [
    {
      "mode": "managed",
      "type": "google_sql_database",
      "name": "feedback_db",
      "provider": "provider[\"registry.terraform.io/hashicorp/google\"]",
      "instances": [
        {
          "schema_version": 0,
          "attributes": {
            "charset": "UTF8",
            "collation": "en_US.UTF8",
            "deletion_policy": "DELETE",
            "id": "projects/gcp-hva-hbo-ict-prgr-1-481610/instances/feedback-agent-db-instance/databases/feedback_sessions",
            "instance": "feedback-agent-db-instance",
            "name": "feedback_sessions",
            "project": "gcp-hva-hbo-ict-prgr-1-481610",
            "self_link": "https://sqladmin.googleapis.com/sql/v1beta4/projects/gcp-hva-hbo-ict-prgr-1-481610/instances/feedback-agent-db-instance/databases/feedback_sessions",
            "timeouts": null
          },
          "sensitive_attributes": [],
          "identity_schema_version": 0,
          "private": "eyJlMmJmYjczMC1lY2FhLTExZTYtOGY4OC0zNDM2M2JjN2M0YzAiOnsiY3JlYXRlIjoxMjAwMDAwMDAwMDAwLCJkZWxldGUiOjEyMDAwMDAwMDAwMDAsInVwZGF0ZSI6MTIwMDAwMDAwMDAwMH19",
          "dependencies": [
            "google_sql_database_instance.postgres_instance"
          ]
        }
      ]
    },
    {
      "mode": "managed",
      "type": "google_sql_database_instance",
      "name": "postgres_instance",
      "provider": "provider[\"registry.terraform.io/hashicorp/google\"]",
      "instances": [
        {
          "schema_version": 0,
          "attributes": {
            "available_maintenance_versions": [],
            "clone": [],
            "connection_name": "gcp-hva-hbo-ict-prgr-1-481610:europe-west4:feedback-agent-db-instance",
            "database_version": "POSTGRES_15",
            "deletion_protection": false,
            "dns_name": "",
            "encryption_key_name": null,
            "first_ip_address": "34.6.242.167",
            "id": "feedback-agent-db-instance",
            "instance_type": "CLOUD_SQL_INSTANCE",
            "ip_address": [
              {
                "ip_address": "34.6.242.167",
                "time_to_retire": "",
                "type": "PRIMARY"
              },
              {
                "ip_address": "34.90.167.172",
                "time_to_retire": "",
                "type": "OUTGOING"
              }
            ],
            "maintenance_version": "POSTGRES_15_17.R20260108.01_20",
            "master_instance_name": "",
            "name": "feedback-agent-db-instance",
            "private_ip_address": "",
            "project": "gcp-hva-hbo-ict-prgr-1-481610",
            "psc_service_attachment_link": "",
            "public_ip_address": "34.6.242.167",
            "region": "europe-west4",
            "replica_configuration": [],
            "restore_backup_context": [],
            "root_password": null,
            "self_link": "https://sqladmin.googleapis.com/sql/v1beta4/projects/gcp-hva-hbo-ict-prgr-1-481610/instances/feedback-agent-db-instance",
            "server_ca_cert": [
              {
                "cert": "-----BEGIN CERTIFICATE-----\nMIIDcTCCAlmgAwIBAgIBADANBgkqhkiG9w0BAQsFADBwMS0wKwYDVQQuEyQ3Yjlm\nZTNlMS0zNTJlLTQ5YjQtOGE4My00MGNkMGVkYTU2ZDIxHDAaBgNVBAMTE0Nsb3Vk\nIFNRTCBTZXJ2ZXIgQ0ExFDASBgNVBAoTC0dvb2dsZSwgSW5jMQswCQYDVQQGEwJV\nUzAeFw0yNjAzMzAxNzEzNTVaFw0zNjAzMjcxNzE0NTVaMHAxLTArBgNVBC4TJDdi\nOWZlM2UxLTM1MmUtNDliNC04YTgzLTQwY2QwZWRhNTZkMjEcMBoGA1UEAxMTQ2xv\ndWQgU1FMIFNlcnZlciBDQTEUMBIGA1UEChMLR29vZ2xlLCBJbmMxCzAJBgNVBAYT\nAlVTMIIBIjANBgkqhkiG9w0BAQEFAAOCAQ8AMIIBCgKCAQEAulTrYjpJj0pzDM9u\nz0MGV560RxflgeS37lomdgByqltRnPixSUJmDHkKONEgkmeyLSja69ltqFa9FV41\nO1Gv5Aw733QnEBe+ObaIkWgHhVCGDKaw57HQd76ltbyW4rVeb6Mp2IStR2+P26hy\nUXXGd8Bm4Hb8Mrqp5NqXzCPOAq6G6Q/F8b52TGlYDREqU6VaE57pJGuCYTSfnMa4\nMk7QhSbfBfVqYaTTH9f1aBKlScfaOMGnMlM4GMH6ZTSuHdFSJ6dWGUqhw6t+V8z1\nS70ragb8rCqSUHcPZlY4AXPqNGI04q+UQaMFlajkHmTZEOTqAk4e+za4RpkFF2Y1\nhnfcIQIDAQABoxYwFDASBgNVHRMBAf8ECDAGAQH/AgEAMA0GCSqGSIb3DQEBCwUA\nA4IBAQBAlpLtsoCBObZpH7X+f4R60WO/6ZIhgfZHECoYilQT6fpY6rqgheTdBEn5\nzE9K9aNV3rIaoHRrvV7m9RQyiDCX7OkQugWdyXfhvsu56sRhpCmyqH6hk0/4N11u\nYv/5867PqsZNqOjfMs9pGrFXXnnZPN7pKS+KrCWXVYVMPlS0H48rEA0+WnWErYs9\npbec6h85XoGth2DlVKd0RMWz3/7QSWnj/Y61AnPEV97m5G9VG+/uDp2JY+5CV4Ej\ns8yIE+eFx54oduBuayj4FaHZryO3gxJOtQu7cgH3Scs08dUtLs20oHjcFdvR5nu1\nX/zttsXlmrOCva3hbHcLaOvN2okB\n-----END CERTIFICATE-----",
                "common_name": "C=US,O=Google\\, Inc,CN=Cloud SQL Server CA,dnQualifier=7b9fe3e1-352e-49b4-8a83-40cd0eda56d2",
                "create_time": "2026-03-30T17:13:55.714Z",
                "expiration_time": "2036-03-27T17:14:55.714Z",
                "sha1_fingerprint": "0caad06af8e6df2b62df62255231bec78fcaa931"
              }
            ],
            "service_account_email_address": "p199990448156-ymp7or@gcp-sa-cloud-sql.iam.gserviceaccount.com",
            "settings": [
              {
                "activation_policy": "ALWAYS",
                "active_directory_config": [],
                "advanced_machine_features": [],
                "availability_type": "ZONAL",
                "backup_configuration": [
                  {
                    "backup_retention_settings": [
                      {
                        "retained_backups": 7,
                        "retention_unit": "COUNT"
                      }
                    ],
                    "binary_log_enabled": false,
                    "enabled": false,
                    "location": "",
                    "point_in_time_recovery_enabled": false,
                    "start_time": "11:00",
                    "transaction_log_retention_days": 7
                  }
                ],
                "collation": "",
                "connector_enforcement": "NOT_REQUIRED",
                "data_cache_config": [],
                "database_flags": [],
                "deletion_protection_enabled": false,
                "deny_maintenance_period": [],
                "disk_autoresize": true,
                "disk_autoresize_limit": 0,
                "disk_size": 10,
                "disk_type": "PD_SSD",
                "edition": "ENTERPRISE",
                "enable_dataplex_integration": false,
                "enable_google_ml_integration": false,
                "insights_config": [],
                "ip_configuration": [
                  {
                    "allocated_ip_range": "",
                    "authorized_networks": [],
                    "enable_private_path_for_google_cloud_services": false,
                    "ipv4_enabled": true,
                    "private_network": "",
                    "psc_config": [],
                    "require_ssl": false,
                    "server_ca_mode": "GOOGLE_MANAGED_INTERNAL_CA",
                    "ssl_mode": ""
                  }
                ],
                "location_preference": [
                  {
                    "follow_gae_application": "",
                    "secondary_zone": "",
                    "zone": "europe-west4-c"
                  }
                ],
                "maintenance_window": [],
                "password_validation_policy": [],
                "pricing_plan": "PER_USE",
                "sql_server_audit_config": [],
                "tier": "db-f1-micro",
                "time_zone": "",
                "user_labels": {},
                "version": 1
              }
            ],
            "timeouts": null
          },
          "sensitive_attributes": [
            [
              {
                "type": "get_attr",
                "value": "root_password"
              }
            ],
            [
              {
                "type": "get_attr",
                "value": "server_ca_cert"
              }
            ]
          ],
          "identity_schema_version": 0,
          "private": "eyJlMmJmYjczMC1lY2FhLTExZTYtOGY4OC0zNDM2M2JjN2M0YzAiOnsiY3JlYXRlIjo1NDAwMDAwMDAwMDAwLCJkZWxldGUiOjU0MDAwMDAwMDAwMDAsInVwZGF0ZSI6NTQwMDAwMDAwMDAwMH19"
        }
      ]
    },
    {
      "mode": "managed",
      "type": "google_sql_user",
      "name": "db_user",
      "provider": "provider[\"registry.terraform.io/hashicorp/google\"]",
      "instances": [
        {
          "schema_version": 1,
          "attributes": {
            "deletion_policy": null,
            "host": "",
            "id": "backend_user//feedback-agent-db-instance",
            "instance": "feedback-agent-db-instance",
            "name": "backend_user",
            "password": "super-secret-password-123!",
            "password_policy": [],
            "project": "gcp-hva-hbo-ict-prgr-1-481610",
            "sql_server_user_details": [],
            "timeouts": null,
            "type": ""
          },
          "sensitive_attributes": [
            [
              {
                "type": "get_attr",
                "value": "password"
              }
            ]
          ],
          "identity_schema_version": 0,
          "private": "eyJlMmJmYjczMC1lY2FhLTExZTYtOGY4OC0zNDM2M2JjN2M0YzAiOnsiY3JlYXRlIjo2MDAwMDAwMDAwMDAsImRlbGV0ZSI6NjAwMDAwMDAwMDAwLCJ1cGRhdGUiOjYwMDAwMDAwMDAwMH0sInNjaGVtYV92ZXJzaW9uIjoiMSJ9",
          "dependencies": [
            "google_sql_database_instance.postgres_instance"
          ]
        }
      ]
    }
  ],
  "check_results": null
}
